
Microsoft Visual Studio Solution File, Format Version 12.00
# Visual Studio Version 17
VisualStudioVersion = 17.0.31903.59
MinimumVisualStudioVersion = 10.0.40219.1
Project("{9A19103F-16F7-4668-BE54-9A1E7A4F7556}") = "2022", "2022\2022.csproj", "{DFCE2A38-4AB9-4D17-93A2-20FBE53F4ADB}"
EndProject
Project("{9A19103F-16F7-4668-BE54-9A1E7A4F7556}") = "2021", "2021\2021.csproj", "{2CC167C3-CF96-425D-BA9E-B44CBA85DF85}"
EndProject
Project("{FAE04EC0-301F-11D3-BF4B-00C04F79EFBC}") = "AdventOfCodeCommon", "AdventOfCodeCommon\AdventOfCodeCommon.csproj", "{68E73A25-C353-4835-A51E-3009E3962FB4}"
EndProject
Global
	GlobalSection(SolutionConfigurationPlatforms) = preSolution
		Debug|Any CPU = Debug|Any CPU
		Release|Any CPU = Release|Any CPU
	EndGlobalSection
	GlobalSection(ProjectConfigurationPlatforms) = postSolution
		{DFCE2A38-4AB9-4D17-93A2-20FBE53F4ADB}.Debug|Any CPU.ActiveCfg = Debug|Any CPU
		{DFCE2A38-4AB9-4D17-93A2-20FBE53F4ADB}.Debug|Any CPU.Build.0 = Debug|Any CPU
		{DFCE2A38-4AB9-4D17-93A2-20FBE53F4ADB}.Release|Any CPU.ActiveCfg = Release|Any CPU
		{DFCE2A38-4AB9-4D17-93A2-20FBE53F4ADB}.Release|Any CPU.Build.0 = Release|Any CPU
		{2CC167C3-CF96-425D-BA9E-B44CBA85DF85}.Debug|Any CPU.ActiveCfg = Debug|Any CPU
		{2CC167C3-CF96-425D-BA9E-B44CBA85DF85}.Debug|Any CPU.Build.0 = Debug|Any CPU
		{2CC167C3-CF96-425D-BA9E-B44CBA85DF85}.Release|Any CPU.ActiveCfg = Release|Any CPU
		{2CC167C3-CF96-425D-BA9E-B44CBA85DF85}.Release|Any CPU.Build.0 = Release|Any CPU
		{68E73A25-C353-4835-A51E-3009E3962FB4}.Debug|Any CPU.ActiveCfg = Debug|Any CPU
		{68E73A25-C353-4835-A51E-3009E3962FB4}.Debug|Any CPU.Build.0 = Debug|Any CPU
		{68E73A25-C353-4835-A51E-3009E3962FB4}.Release|Any CPU.ActiveCfg = Release|Any CPU
		{68E73A25-C353-4835-A51E-3009E3962FB4}.Release|Any CPU.Build.0 = Release|Any CPU
	EndGlobalSection
	GlobalSection(SolutionProperties) = preSolution
		HideSolutionNode = FALSE
	EndGlobalSection
	GlobalSection(ExtensibilityGlobals) = postSolution
		SolutionGuid = {0B8F1BF3-7C27-4FFD-880C-EFD2D574549D}
	EndGlobalSection
EndGlobal
